// !$*UTF8*$!
{
	archiveVersion = 1;
	classes = {
	};
	objectVersion = 46;
	objects = {

/* Begin PBXBuildFile section */
		350F476E2001777F00AAF005 /* TCJSONReflectionCodingKeysComponentsTests.swift in Sources */ = {isa = PBXBuildFile; fileRef = 350F476D2001777E00AAF005 /* TCJSONReflectionCodingKeysComponentsTests.swift */; };
		3512709A1FFC48B5000877E0 /* TCJSONReflectionTests.swift in Sources */ = {isa = PBXBuildFile; fileRef = 351270991FFC48B5000877E0 /* TCJSONReflectionTests.swift */; };
		3512709C1FFCEDFC000877E0 /* TestClass.swift in Sources */ = {isa = PBXBuildFile; fileRef = 3512709B1FFCEDFC000877E0 /* TestClass.swift */; };
		3512709E1FFCEED0000877E0 /* TCJSONIntegrationTests.swift in Sources */ = {isa = PBXBuildFile; fileRef = 3512709D1FFCEED0000877E0 /* TCJSONIntegrationTests.swift */; };
		358307CD1FFEB301002BB96D /* ReflectionPerformance.swift in Sources */ = {isa = PBXBuildFile; fileRef = 358307CC1FFEB301002BB96D /* ReflectionPerformance.swift */; };
		358307CF1FFECA0D002BB96D /* CorePerformance.swift in Sources */ = {isa = PBXBuildFile; fileRef = 358307CE1FFECA0D002BB96D /* CorePerformance.swift */; };
		358A33C21FFD97D400C5B6B9 /* TCJSONReflectionEqualityTests.swift in Sources */ = {isa = PBXBuildFile; fileRef = 358A33C11FFD97D400C5B6B9 /* TCJSONReflectionEqualityTests.swift */; };
		35B4F0A4200102CC0046E3F1 /* TCJSONReflectionCodingKeysTests.swift in Sources */ = {isa = PBXBuildFile; fileRef = 35B4F0A3200102CC0046E3F1 /* TCJSONReflectionCodingKeysTests.swift */; };
		35BD6B0A1FEDD793001020E2 /* AlamofireTests.swift in Sources */ = {isa = PBXBuildFile; fileRef = 35BD6B091FEDD793001020E2 /* AlamofireTests.swift */; };
		35BD6B181FEDD9E0001020E2 /* AuthRequest.swift in Sources */ = {isa = PBXBuildFile; fileRef = 35BD6B0C1FEDD9DF001020E2 /* AuthRequest.swift */; };
		35BD6B191FEDD9E0001020E2 /* Categories.swift in Sources */ = {isa = PBXBuildFile; fileRef = 35BD6B0D1FEDD9DF001020E2 /* Categories.swift */; };
		35BD6B1A1FEDD9E0001020E2 /* SendNotificationResponse.swift in Sources */ = {isa = PBXBuildFile; fileRef = 35BD6B0E1FEDD9DF001020E2 /* SendNotificationResponse.swift */; };
		35BD6B1B1FEDD9E0001020E2 /* SendNotification.swift in Sources */ = {isa = PBXBuildFile; fileRef = 35BD6B0F1FEDD9DF001020E2 /* SendNotification.swift */; };
		35BD6B1C1FEDD9E0001020E2 /* CategoriesRequest.swift in Sources */ = {isa = PBXBuildFile; fileRef = 35BD6B101FEDD9DF001020E2 /* CategoriesRequest.swift */; };
		35BD6B1D1FEDD9E0001020E2 /* SendNotificationResponse.json in Resources */ = {isa = PBXBuildFile; fileRef = 35BD6B111FEDD9E0001020E2 /* SendNotificationResponse.json */; };
		35BD6B1E1FEDD9E0001020E2 /* Categories.json in Resources */ = {isa = PBXBuildFile; fileRef = 35BD6B121FEDD9E0001020E2 /* Categories.json */; };
		35BD6B1F1FEDD9E0001020E2 /* AuthResponse.json in Resources */ = {isa = PBXBuildFile; fileRef = 35BD6B131FEDD9E0001020E2 /* AuthResponse.json */; };
		35BD6B201FEDD9E0001020E2 /* AuthResponse.swift in Sources */ = {isa = PBXBuildFile; fileRef = 35BD6B141FEDD9E0001020E2 /* AuthResponse.swift */; };
		35BD6B211FEDD9E0001020E2 /* CategoriesRequest.json in Resources */ = {isa = PBXBuildFile; fileRef = 35BD6B151FEDD9E0001020E2 /* CategoriesRequest.json */; };
		35BD6B221FEDD9E0001020E2 /* AuthRequest.json in Resources */ = {isa = PBXBuildFile; fileRef = 35BD6B161FEDD9E0001020E2 /* AuthRequest.json */; };
		35BD6B231FEDD9E0001020E2 /* SendNotification.json in Resources */ = {isa = PBXBuildFile; fileRef = 35BD6B171FEDD9E0001020E2 /* SendNotification.json */; };
		35BD6B271FEE5D1E001020E2 /* MoyaTests.swift in Sources */ = {isa = PBXBuildFile; fileRef = 35BD6B261FEE5D1E001020E2 /* MoyaTests.swift */; };
		607FACEC1AFB9204008FA782 /* TCJSONTests.swift in Sources */ = {isa = PBXBuildFile; fileRef = 607FACEB1AFB9204008FA782 /* TCJSONTests.swift */; };
		E0E1BD7FC98C8C68656417E9 /* Pods_TCJSON_Tests.framework in Frameworks */ = {isa = PBXBuildFile; fileRef = 92ACD7529ED7D24E2B4F1418 /* Pods_TCJSON_Tests.framework */; };
/* End PBXBuildFile section */

/* Begin PBXFileReference section */
		1D34DB80EFC8A34A977AE913 /* TCJSON.podspec */ = {isa = PBXFileReference; includeInIndex = 1; lastKnownFileType = text; name = TCJSON.podspec; path = ../TCJSON.podspec; sourceTree = "<group>"; };
		3436E0D6373D62E2D7DBBB94 /* LICENSE */ = {isa = PBXFileReference; includeInIndex = 1; lastKnownFileType = text; name = LICENSE; path = ../LICENSE; sourceTree = "<group>"; };
		350F476D2001777E00AAF005 /* TCJSONReflectionCodingKeysComponentsTests.swift */ = {isa = PBXFileReference; lastKnownFileType = sourcecode.swift; path = TCJSONReflectionCodingKeysComponentsTests.swift; sourceTree = "<group>"; };
		351270991FFC48B5000877E0 /* TCJSONReflectionTests.swift */ = {isa = PBXFileReference; lastKnownFileType = sourcecode.swift; path = TCJSONReflectionTests.swift; sourceTree = "<group>"; };
		3512709B1FFCEDFC000877E0 /* TestClass.swift */ = {isa = PBXFileReference; lastKnownFileType = sourcecode.swift; path = TestClass.swift; sourceTree = "<group>"; };
		3512709D1FFCEED0000877E0 /* TCJSONIntegrationTests.swift */ = {isa = PBXFileReference; lastKnownFileType = sourcecode.swift; path = TCJSONIntegrationTests.swift; sourceTree = "<group>"; };
		358307CC1FFEB301002BB96D /* ReflectionPerformance.swift */ = {isa = PBXFileReference; lastKnownFileType = sourcecode.swift; path = ReflectionPerformance.swift; sourceTree = "<group>"; };
		358307CE1FFECA0D002BB96D /* CorePerformance.swift */ = {isa = PBXFileReference; lastKnownFileType = sourcecode.swift; path = CorePerformance.swift; sourceTree = "<group>"; };
		358A33C11FFD97D400C5B6B9 /* TCJSONReflectionEqualityTests.swift */ = {isa = PBXFileReference; lastKnownFileType = sourcecode.swift; path = TCJSONReflectionEqualityTests.swift; sourceTree = "<group>"; };
		35B4F0A3200102CC0046E3F1 /* TCJSONReflectionCodingKeysTests.swift */ = {isa = PBXFileReference; lastKnownFileType = sourcecode.swift; path = TCJSONReflectionCodingKeysTests.swift; sourceTree = "<group>"; };
		35BD6B091FEDD793001020E2 /* AlamofireTests.swift */ = {isa = PBXFileReference; lastKnownFileType = sourcecode.swift; path = AlamofireTests.swift; sourceTree = "<group>"; };
		35BD6B0C1FEDD9DF001020E2 /* AuthRequest.swift */ = {isa = PBXFileReference; fileEncoding = 4; lastKnownFileType = sourcecode.swift; path = AuthRequest.swift; sourceTree = "<group>"; };
		35BD6B0D1FEDD9DF001020E2 /* Categories.swift */ = {isa = PBXFileReference; fileEncoding = 4; lastKnownFileType = sourcecode.swift; path = Categories.swift; sourceTree = "<group>"; };
		35BD6B0E1FEDD9DF001020E2 /* SendNotificationResponse.swift */ = {isa = PBXFileReference; fileEncoding = 4; lastKnownFileType = sourcecode.swift; path = SendNotificationResponse.swift; sourceTree = "<group>"; };
		35BD6B0F1FEDD9DF001020E2 /* SendNotification.swift */ = {isa = PBXFileReference; fileEncoding = 4; lastKnownFileType = sourcecode.swift; path = SendNotification.swift; sourceTree = "<group>"; };
		35BD6B101FEDD9DF001020E2 /* CategoriesRequest.swift */ = {isa = PBXFileReference; fileEncoding = 4; lastKnownFileType = sourcecode.swift; path = CategoriesRequest.swift; sourceTree = "<group>"; };
		35BD6B111FEDD9E0001020E2 /* SendNotificationResponse.json */ = {isa = PBXFileReference; fileEncoding = 4; lastKnownFileType = text.json; path = SendNotificationResponse.json; sourceTree = "<group>"; };
		35BD6B121FEDD9E0001020E2 /* Categories.json */ = {isa = PBXFileReference; fileEncoding = 4; lastKnownFileType = text.json; path = Categories.json; sourceTree = "<group>"; };
		35BD6B131FEDD9E0001020E2 /* AuthResponse.json */ = {isa = PBXFileReference; fileEncoding = 4; lastKnownFileType = text.json; path = AuthResponse.json; sourceTree = "<group>"; };
		35BD6B141FEDD9E0001020E2 /* AuthResponse.swift */ = {isa = PBXFileReference; fileEncoding = 4; lastKnownFileType = sourcecode.swift; path = AuthResponse.swift; sourceTree = "<group>"; };
		35BD6B151FEDD9E0001020E2 /* CategoriesRequest.json */ = {isa = PBXFileReference; fileEncoding = 4; lastKnownFileType = text.json; path = CategoriesRequest.json; sourceTree = "<group>"; };
		35BD6B161FEDD9E0001020E2 /* AuthRequest.json */ = {isa = PBXFileReference; fileEncoding = 4; lastKnownFileType = text.json; path = AuthRequest.json; sourceTree = "<group>"; };
		35BD6B171FEDD9E0001020E2 /* SendNotification.json */ = {isa = PBXFileReference; fileEncoding = 4; lastKnownFileType = text.json; path = SendNotification.json; sourceTree = "<group>"; };
		35BD6B261FEE5D1E001020E2 /* MoyaTests.swift */ = {isa = PBXFileReference; lastKnownFileType = sourcecode.swift; path = MoyaTests.swift; sourceTree = "<group>"; };
		607FACE51AFB9204008FA782 /* TCJSON_Tests.xctest */ = {isa = PBXFileReference; explicitFileType = wrapper.cfbundle; includeInIndex = 0; path = TCJSON_Tests.xctest; sourceTree = BUILT_PRODUCTS_DIR; };
		607FACEA1AFB9204008FA782 /* Info.plist */ = {isa = PBXFileReference; lastKnownFileType = text.plist.xml; path = Info.plist; sourceTree = "<group>"; };
		607FACEB1AFB9204008FA782 /* TCJSONTests.swift */ = {isa = PBXFileReference; lastKnownFileType = sourcecode.swift; path = TCJSONTests.swift; sourceTree = "<group>"; };
		928459D3AF84D5D0B6024B20 /* Pods-TCJSON_Tests.release.xcconfig */ = {isa = PBXFileReference; includeInIndex = 1; lastKnownFileType = text.xcconfig; name = "Pods-TCJSON_Tests.release.xcconfig"; path = "Pods/Target Support Files/Pods-TCJSON_Tests/Pods-TCJSON_Tests.release.xcconfig"; sourceTree = "<group>"; };
		92ACD7529ED7D24E2B4F1418 /* Pods_TCJSON_Tests.framework */ = {isa = PBXFileReference; explicitFileType = wrapper.framework; includeInIndex = 0; path = Pods_TCJSON_Tests.framework; sourceTree = BUILT_PRODUCTS_DIR; };
		C21BAFCF08B04D30F1982596 /* Pods-TCJSON_Tests.debug.xcconfig */ = {isa = PBXFileReference; includeInIndex = 1; lastKnownFileType = text.xcconfig; name = "Pods-TCJSON_Tests.debug.xcconfig"; path = "Pods/Target Support Files/Pods-TCJSON_Tests/Pods-TCJSON_Tests.debug.xcconfig"; sourceTree = "<group>"; };
		E9945CB7E8D32E7F6BD435AF /* README.md */ = {isa = PBXFileReference; includeInIndex = 1; lastKnownFileType = net.daringfireball.markdown; name = README.md; path = ../README.md; sourceTree = "<group>"; };
/* End PBXFileReference section */

/* Begin PBXFrameworksBuildPhase section */
		607FACE21AFB9204008FA782 /* Frameworks */ = {
			isa = PBXFrameworksBuildPhase;
			buildActionMask = 2147483647;
			files = (
				E0E1BD7FC98C8C68656417E9 /* Pods_TCJSON_Tests.framework in Frameworks */,
			);
			runOnlyForDeploymentPostprocessing = 0;
		};
/* End PBXFrameworksBuildPhase section */

/* Begin PBXGroup section */
		358307C81FFEB2A3002BB96D /* Unit Tests */ = {
			isa = PBXGroup;
			children = (
				607FACEB1AFB9204008FA782 /* TCJSONTests.swift */,
				35B4F0A3200102CC0046E3F1 /* TCJSONReflectionCodingKeysTests.swift */,
				350F476D2001777E00AAF005 /* TCJSONReflectionCodingKeysComponentsTests.swift */,
				358A33C11FFD97D400C5B6B9 /* TCJSONReflectionEqualityTests.swift */,
				351270991FFC48B5000877E0 /* TCJSONReflectionTests.swift */,
				3512709D1FFCEED0000877E0 /* TCJSONIntegrationTests.swift */,
				35BD6B091FEDD793001020E2 /* AlamofireTests.swift */,
				35BD6B261FEE5D1E001020E2 /* MoyaTests.swift */,
			);
			path = "Unit Tests";
			sourceTree = "<group>";
		};
		358307C91FFEB2B8002BB96D /* Performance Test */ = {
			isa = PBXGroup;
			children = (
				358307CE1FFECA0D002BB96D /* CorePerformance.swift */,
				358307CC1FFEB301002BB96D /* ReflectionPerformance.swift */,
			);
			path = "Performance Test";
			sourceTree = "<group>";
		};
		35BD6B0B1FEDD9B9001020E2 /* JSON Files */ = {
			isa = PBXGroup;
			children = (
				35BD6B161FEDD9E0001020E2 /* AuthRequest.json */,
				35BD6B0C1FEDD9DF001020E2 /* AuthRequest.swift */,
				35BD6B131FEDD9E0001020E2 /* AuthResponse.json */,
				35BD6B141FEDD9E0001020E2 /* AuthResponse.swift */,
				35BD6B121FEDD9E0001020E2 /* Categories.json */,
				35BD6B0D1FEDD9DF001020E2 /* Categories.swift */,
				35BD6B151FEDD9E0001020E2 /* CategoriesRequest.json */,
				35BD6B101FEDD9DF001020E2 /* CategoriesRequest.swift */,
				35BD6B171FEDD9E0001020E2 /* SendNotification.json */,
				35BD6B0F1FEDD9DF001020E2 /* SendNotification.swift */,
				35BD6B111FEDD9E0001020E2 /* SendNotificationResponse.json */,
				35BD6B0E1FEDD9DF001020E2 /* SendNotificationResponse.swift */,
			);
			path = "JSON Files";
			sourceTree = "<group>";
		};
		607FACC71AFB9204008FA782 = {
			isa = PBXGroup;
			children = (
				607FACF51AFB993E008FA782 /* Podspec Metadata */,
				607FACE81AFB9204008FA782 /* Tests */,
				607FACD11AFB9204008FA782 /* Products */,
				833AAAAFA62CBF88F366B16A /* Pods */,
				CE3A767C5874531EDBCE18EE /* Frameworks */,
			);
			sourceTree = "<group>";
		};
		607FACD11AFB9204008FA782 /* Products */ = {
			isa = PBXGroup;
			children = (
				607FACE51AFB9204008FA782 /* TCJSON_Tests.xctest */,
			);
			name = Products;
			sourceTree = "<group>";
		};
		607FACE81AFB9204008FA782 /* Tests */ = {
			isa = PBXGroup;
			children = (
				3512709B1FFCEDFC000877E0 /* TestClass.swift */,
				358307C91FFEB2B8002BB96D /* Performance Test */,
				358307C81FFEB2A3002BB96D /* Unit Tests */,
				35BD6B0B1FEDD9B9001020E2 /* JSON Files */,
				607FACE91AFB9204008FA782 /* Supporting Files */,
			);
			path = Tests;
			sourceTree = "<group>";
		};
		607FACE91AFB9204008FA782 /* Supporting Files */ = {
			isa = PBXGroup;
			children = (
				607FACEA1AFB9204008FA782 /* Info.plist */,
			);
			name = "Supporting Files";
			sourceTree = "<group>";
		};
		607FACF51AFB993E008FA782 /* Podspec Metadata */ = {
			isa = PBXGroup;
			children = (
				1D34DB80EFC8A34A977AE913 /* TCJSON.podspec */,
				E9945CB7E8D32E7F6BD435AF /* README.md */,
				3436E0D6373D62E2D7DBBB94 /* LICENSE */,
			);
			name = "Podspec Metadata";
			sourceTree = "<group>";
		};
		833AAAAFA62CBF88F366B16A /* Pods */ = {
			isa = PBXGroup;
			children = (
				C21BAFCF08B04D30F1982596 /* Pods-TCJSON_Tests.debug.xcconfig */,
				928459D3AF84D5D0B6024B20 /* Pods-TCJSON_Tests.release.xcconfig */,
			);
			name = Pods;
			sourceTree = "<group>";
		};
		CE3A767C5874531EDBCE18EE /* Frameworks */ = {
			isa = PBXGroup;
			children = (
				92ACD7529ED7D24E2B4F1418 /* Pods_TCJSON_Tests.framework */,
			);
			name = Frameworks;
			sourceTree = "<group>";
		};
/* End PBXGroup section */

/* Begin PBXNativeTarget section */
		607FACE41AFB9204008FA782 /* TCJSON_Tests */ = {
			isa = PBXNativeTarget;
			buildConfigurationList = 607FACF21AFB9204008FA782 /* Build configuration list for PBXNativeTarget "TCJSON_Tests" */;
			buildPhases = (
				ECE86C620C7D995753FEAA1B /* [CP] Check Pods Manifest.lock */,
				607FACE11AFB9204008FA782 /* Sources */,
				607FACE21AFB9204008FA782 /* Frameworks */,
				607FACE31AFB9204008FA782 /* Resources */,
				46395D1A66466597FB708BBE /* [CP] Embed Pods Frameworks */,
				556D9436F4C36E9465F69838 /* [CP] Copy Pods Resources */,
			);
			buildRules = (
			);
			dependencies = (
			);
			name = TCJSON_Tests;
			productName = Tests;
			productReference = 607FACE51AFB9204008FA782 /* TCJSON_Tests.xctest */;
			productType = "com.apple.product-type.bundle.unit-test";
		};
/* End PBXNativeTarget section */

/* Begin PBXProject section */
		607FACC81AFB9204008FA782 /* Project object */ = {
			isa = PBXProject;
			attributes = {
				LastSwiftUpdateCheck = 0830;
				LastUpgradeCheck = 0830;
				ORGANIZATIONNAME = CocoaPods;
				TargetAttributes = {
					607FACE41AFB9204008FA782 = {
						CreatedOnToolsVersion = 6.3.1;
						DevelopmentTeam = 23YF8RW87L;
						LastSwiftMigration = 0900;
						TestTargetID = 607FACCF1AFB9204008FA782;
					};
				};
			};
			buildConfigurationList = 607FACCB1AFB9204008FA782 /* Build configuration list for PBXProject "TCJSON" */;
			compatibilityVersion = "Xcode 3.2";
			developmentRegion = English;
			hasScannedForEncodings = 0;
			knownRegions = (
				en,
				Base,
			);
			mainGroup = 607FACC71AFB9204008FA782;
			productRefGroup = 607FACD11AFB9204008FA782 /* Products */;
			projectDirPath = "";
			projectRoot = "";
			targets = (
				607FACE41AFB9204008FA782 /* TCJSON_Tests */,
			);
		};
/* End PBXProject section */

/* Begin PBXResourcesBuildPhase section */
		607FACE31AFB9204008FA782 /* Resources */ = {
			isa = PBXResourcesBuildPhase;
			buildActionMask = 2147483647;
			files = (
				35BD6B1F1FEDD9E0001020E2 /* AuthResponse.json in Resources */,
				35BD6B221FEDD9E0001020E2 /* AuthRequest.json in Resources */,
				35BD6B211FEDD9E0001020E2 /* CategoriesRequest.json in Resources */,
				35BD6B1D1FEDD9E0001020E2 /* SendNotificationResponse.json in Resources */,
				35BD6B231FEDD9E0001020E2 /* SendNotification.json in Resources */,
				35BD6B1E1FEDD9E0001020E2 /* Categories.json in Resources */,
			);
			runOnlyForDeploymentPostprocessing = 0;
		};
/* End PBXResourcesBuildPhase section */

/* Begin PBXShellScriptBuildPhase section */
		46395D1A66466597FB708BBE /* [CP] Embed Pods Frameworks */ = {
			isa = PBXShellScriptBuildPhase;
			buildActionMask = 2147483647;
			files = (
			);
			inputPaths = (
				"${SRCROOT}/Pods/Target Support Files/Pods-TCJSON_Tests/Pods-TCJSON_Tests-frameworks.sh",
				"${BUILT_PRODUCTS_DIR}/Alamofire/Alamofire.framework",
				"${BUILT_PRODUCTS_DIR}/Moya/Moya.framework",
				"${BUILT_PRODUCTS_DIR}/Nimble/Nimble.framework",
				"${BUILT_PRODUCTS_DIR}/OHHTTPStubs/OHHTTPStubs.framework",
				"${BUILT_PRODUCTS_DIR}/Quick/Quick.framework",
				"${BUILT_PRODUCTS_DIR}/Result/Result.framework",
				"${BUILT_PRODUCTS_DIR}/TCJSON/TCJSON.framework",
			);
			name = "[CP] Embed Pods Frameworks";
			outputPaths = (
				"${TARGET_BUILD_DIR}/${FRAMEWORKS_FOLDER_PATH}/Alamofire.framework",
				"${TARGET_BUILD_DIR}/${FRAMEWORKS_FOLDER_PATH}/Moya.framework",
				"${TARGET_BUILD_DIR}/${FRAMEWORKS_FOLDER_PATH}/Nimble.framework",
				"${TARGET_BUILD_DIR}/${FRAMEWORKS_FOLDER_PATH}/OHHTTPStubs.framework",
				"${TARGET_BUILD_DIR}/${FRAMEWORKS_FOLDER_PATH}/Quick.framework",
				"${TARGET_BUILD_DIR}/${FRAMEWORKS_FOLDER_PATH}/Result.framework",
				"${TARGET_BUILD_DIR}/${FRAMEWORKS_FOLDER_PATH}/TCJSON.framework",
			);
			runOnlyForDeploymentPostprocessing = 0;
			shellPath = /bin/sh;
			shellScript = "\"${SRCROOT}/Pods/Target Support Files/Pods-TCJSON_Tests/Pods-TCJSON_Tests-frameworks.sh\"\n";
			showEnvVarsInLog = 0;
		};
		556D9436F4C36E9465F69838 /* [CP] Copy Pods Resources */ = {
			isa = PBXShellScriptBuildPhase;
			buildActionMask = 2147483647;
			files = (
			);
			inputPaths = (
			);
			name = "[CP] Copy Pods Resources";
			outputPaths = (
			);
			runOnlyForDeploymentPostprocessing = 0;
			shellPath = /bin/sh;
			shellScript = "\"${SRCROOT}/Pods/Target Support Files/Pods-TCJSON_Tests/Pods-TCJSON_Tests-resources.sh\"\n";
			showEnvVarsInLog = 0;
		};
		ECE86C620C7D995753FEAA1B /* [CP] Check Pods Manifest.lock */ = {
			isa = PBXShellScriptBuildPhase;
			buildActionMask = 2147483647;
			files = (
			);
			inputPaths = (
				"${PODS_PODFILE_DIR_PATH}/Podfile.lock",
				"${PODS_ROOT}/Manifest.lock",
			);
			name = "[CP] Check Pods Manifest.lock";
			outputPaths = (
				"$(DERIVED_FILE_DIR)/Pods-TCJSON_Tests-checkManifestLockResult.txt",
			);
			runOnlyForDeploymentPostprocessing = 0;
			shellPath = /bin/sh;
			shellScript = "diff \"${PODS_PODFILE_DIR_PATH}/Podfile.lock\" \"${PODS_ROOT}/Manifest.lock\" > /dev/null\nif [ $? != 0 ] ; then\n    # print error to STDERR\n    echo \"error: The sandbox is not in sync with the Podfile.lock. Run 'pod install' or update your CocoaPods installation.\" >&2\n    exit 1\nfi\n# This output is used by Xcode 'outputs' to avoid re-running this script phase.\necho \"SUCCESS\" > \"${SCRIPT_OUTPUT_FILE_0}\"\n";
			showEnvVarsInLog = 0;
		};
/* End PBXShellScriptBuildPhase section */

/* Begin PBXSourcesBuildPhase section */
		607FACE11AFB9204008FA782 /* Sources */ = {
			isa = PBXSourcesBuildPhase;
			buildActionMask = 2147483647;
			files = (
				3512709A1FFC48B5000877E0 /* TCJSONReflectionTests.swift in Sources */,
				3512709C1FFCEDFC000877E0 /* TestClass.swift in Sources */,
				35BD6B181FEDD9E0001020E2 /* AuthRequest.swift in Sources */,
				3512709E1FFCEED0000877E0 /* TCJSONIntegrationTests.swift in Sources */,
				35BD6B1A1FEDD9E0001020E2 /* SendNotificationResponse.swift in Sources */,
				35BD6B191FEDD9E0001020E2 /* Categories.swift in Sources */,
				35BD6B0A1FEDD793001020E2 /* AlamofireTests.swift in Sources */,
				358A33C21FFD97D400C5B6B9 /* TCJSONReflectionEqualityTests.swift in Sources */,
				35BD6B1B1FEDD9E0001020E2 /* SendNotification.swift in Sources */,
				35BD6B271FEE5D1E001020E2 /* MoyaTests.swift in Sources */,
				35BD6B1C1FEDD9E0001020E2 /* CategoriesRequest.swift in Sources */,
				358307CD1FFEB301002BB96D /* ReflectionPerformance.swift in Sources */,
				358307CF1FFECA0D002BB96D /* CorePerformance.swift in Sources */,
				35BD6B201FEDD9E0001020E2 /* AuthResponse.swift in Sources */,
				607FACEC1AFB9204008FA782 /* TCJSONTests.swift in Sources */,
				350F476E2001777F00AAF005 /* TCJSONReflectionCodingKeysComponentsTests.swift in Sources */,
				35B4F0A4200102CC0046E3F1 /* TCJSONReflectionCodingKeysTests.swift in Sources */,
			);
			runOnlyForDeploymentPostprocessing = 0;
		};
/* End PBXSourcesBuildPhase section */

/* Begin XCBuildConfiguration section */
		607FACED1AFB9204008FA782 /* Debug */ = {
			isa = XCBuildConfiguration;
			buildSettings = {
				ALWAYS_SEARCH_USER_PATHS = NO;
				CLANG_CXX_LANGUAGE_STANDARD = "gnu++0x";
				CLANG_CXX_LIBRARY = "libc++";
				CLANG_ENABLE_MODULES = YES;
				CLANG_ENABLE_OBJC_ARC = YES;
				CLANG_WARN_BLOCK_CAPTURE_AUTORELEASING = YES;
				CLANG_WARN_BOOL_CONVERSION = YES;
				CLANG_WARN_COMMA = YES;
				CLANG_WARN_CONSTANT_CONVERSION = YES;
				CLANG_WARN_DIRECT_OBJC_ISA_USAGE = YES_ERROR;
				CLANG_WARN_EMPTY_BODY = YES;
				CLANG_WARN_ENUM_CONVERSION = YES;
				CLANG_WARN_INFINITE_RECURSION = YES;
				CLANG_WARN_INT_CONVERSION = YES;
				CLANG_WARN_NON_LITERAL_NULL_CONVERSION = YES;
				CLANG_WARN_OBJC_LITERAL_CONVERSION = YES;
				CLANG_WARN_OBJC_ROOT_CLASS = YES_ERROR;
				CLANG_WARN_RANGE_LOOP_ANALYSIS = YES;
				CLANG_WARN_STRICT_PROTOTYPES = YES;
				CLANG_WARN_SUSPICIOUS_MOVE = YES;
				CLANG_WARN_UNREACHABLE_CODE = YES;
				CLANG_WARN__DUPLICATE_METHOD_MATCH = YES;
				"CODE_SIGN_IDENTITY[sdk=iphoneos*]" = "iPhone Developer";
				COPY_PHASE_STRIP = NO;
				DEBUG_INFORMATION_FORMAT = "dwarf-with-dsym";
				ENABLE_STRICT_OBJC_MSGSEND = YES;
				ENABLE_TESTABILITY = YES;
				GCC_C_LANGUAGE_STANDARD = gnu99;
				GCC_DYNAMIC_NO_PIC = NO;
				GCC_NO_COMMON_BLOCKS = YES;
				GCC_OPTIMIZATION_LEVEL = 0;
				GCC_PREPROCESSOR_DEFINITIONS = (
					"DEBUG=1",
					"$(inherited)",
				);
				GCC_SYMBOLS_PRIVATE_EXTERN = NO;
				GCC_WARN_64_TO_32_BIT_CONVERSION = YES;
				GCC_WARN_ABOUT_RETURN_TYPE = YES_ERROR;
				GCC_WARN_UNDECLARED_SELECTOR = YES;
				GCC_WARN_UNINITIALIZED_AUTOS = YES_AGGRESSIVE;
				GCC_WARN_UNUSED_FUNCTION = YES;
				GCC_WARN_UNUSED_VARIABLE = YES;
				IPHONEOS_DEPLOYMENT_TARGET = 9.0;
				MTL_ENABLE_DEBUG_INFO = YES;
				ONLY_ACTIVE_ARCH = YES;
				SDKROOT = iphoneos;
				SWIFT_OPTIMIZATION_LEVEL = "-Onone";
			};
			name = Debug;
		};
		607FACEE1AFB9204008FA782 /* Release */ = {
			isa = XCBuildConfiguration;
			buildSettings = {
				ALWAYS_SEARCH_USER_PATHS = NO;
				CLANG_CXX_LANGUAGE_STANDARD = "gnu++0x";
				CLANG_CXX_LIBRARY = "libc++";
				CLANG_ENABLE_MODULES = YES;
				CLANG_ENABLE_OBJC_ARC = YES;
				CLANG_WARN_BLOCK_CAPTURE_AUTORELEASING = YES;
				CLANG_WARN_BOOL_CONVERSION = YES;
				CLANG_WARN_COMMA = YES;
				CLANG_WARN_CONSTANT_CONVERSION = YES;
				CLANG_WARN_DIRECT_OBJC_ISA_USAGE = YES_ERROR;
				CLANG_WARN_EMPTY_BODY = YES;
				CLANG_WARN_ENUM_CONVERSION = YES;
				CLANG_WARN_INFINITE_RECURSION = YES;
				CLANG_WARN_INT_CONVERSION = YES;
				CLANG_WARN_NON_LITERAL_NULL_CONVERSION = YES;
				CLANG_WARN_OBJC_LITERAL_CONVERSION = YES;
				CLANG_WARN_OBJC_ROOT_CLASS = YES_ERROR;
				CLANG_WARN_RANGE_LOOP_ANALYSIS = YES;
				CLANG_WARN_STRICT_PROTOTYPES = YES;
				CLANG_WARN_SUSPICIOUS_MOVE = YES;
				CLANG_WARN_UNREACHABLE_CODE = YES;
				CLANG_WARN__DUPLICATE_METHOD_MATCH = YES;
				"CODE_SIGN_IDENTITY[sdk=iphoneos*]" = "iPhone Developer";
				COPY_PHASE_STRIP = NO;
				DEBUG_INFORMATION_FORMAT = "dwarf-with-dsym";
				ENABLE_NS_ASSERTIONS = NO;
				ENABLE_STRICT_OBJC_MSGSEND = YES;
				GCC_C_LANGUAGE_STANDARD = gnu99;
				GCC_NO_COMMON_BLOCKS = YES;
				GCC_WARN_64_TO_32_BIT_CONVERSION = YES;
				GCC_WARN_ABOUT_RETURN_TYPE = YES_ERROR;
				GCC_WARN_UNDECLARED_SELECTOR = YES;
				GCC_WARN_UNINITIALIZED_AUTOS = YES_AGGRESSIVE;
				GCC_WARN_UNUSED_FUNCTION = YES;
				GCC_WARN_UNUSED_VARIABLE = YES;
				IPHONEOS_DEPLOYMENT_TARGET = 9.0;
				MTL_ENABLE_DEBUG_INFO = NO;
				SDKROOT = iphoneos;
				SWIFT_OPTIMIZATION_LEVEL = "-Owholemodule";
				VALIDATE_PRODUCT = YES;
			};
			name = Release;
		};
		607FACF31AFB9204008FA782 /* Debug */ = {
			isa = XCBuildConfiguration;
			baseConfigurationReference = C21BAFCF08B04D30F1982596 /* Pods-TCJSON_Tests.debug.xcconfig */;
			buildSettings = {
				DEVELOPMENT_TEAM = 23YF8RW87L;
				FRAMEWORK_SEARCH_PATHS = (
					"$(SDKROOT)/Developer/Library/Frameworks",
					"$(inherited)",
				);
				GCC_PREPROCESSOR_DEFINITIONS = (
					"DEBUG=1",
					"$(inherited)",
				);
				INFOPLIST_FILE = Tests/Info.plist;
				LD_RUNPATH_SEARCH_PATHS = "$(inherited) @executable_path/Frameworks @loader_path/Frameworks";
				PRODUCT_BUNDLE_IDENTIFIER = "org.cocoapods.$(PRODUCT_NAME:rfc1034identifier)";
				PRODUCT_NAME = "$(TARGET_NAME)";
				SWIFT_SWIFT3_OBJC_INFERENCE = Default;
				SWIFT_VERSION = 4.0;
			};
			name = Debug;
		};
		607FACF41AFB9204008FA782 /* Release */ = {
			isa = XCBuildConfiguration;
			baseConfigurationReference = 928459D3AF84D5D0B6024B20 /* Pods-TCJSON_Tests.release.xcconfig */;
			buildSettings = {
				DEVELOPMENT_TEAM = 23YF8RW87L;
				FRAMEWORK_SEARCH_PATHS = "$(inherited)";
				INFOPLIST_FILE = Tests/Info.plist;
				LD_RUNPATH_SEARCH_PATHS = "$(inherited) @executable_path/Frameworks @loader_path/Frameworks";
				PRODUCT_BUNDLE_IDENTIFIER = "org.cocoapods.$(PRODUCT_NAME:rfc1034identifier)";
				PRODUCT_NAME = "$(TARGET_NAME)";
				SWIFT_SWIFT3_OBJC_INFERENCE = Default;
				SWIFT_VERSION = 4.0;
			};
			name = Release;
		};
/* End XCBuildConfiguration section */

/* Begin XCConfigurationList section */
		607FACCB1AFB9204008FA782 /* Build configuration list for PBXProject "TCJSON" */ = {
			isa = XCConfigurationList;
			buildConfigurations = (
				607FACED1AFB9204008FA782 /* Debug */,
				607FACEE1AFB9204008FA782 /* Release */,
			);
			defaultConfigurationIsVisible = 0;
			defaultConfigurationName = Release;
		};
		607FACF21AFB9204008FA782 /* Build configuration list for PBXNativeTarget "TCJSON_Tests" */ = {
			isa = XCConfigurationList;
			buildConfigurations = (
				607FACF31AFB9204008FA782 /* Debug */,
				607FACF41AFB9204008FA782 /* Release */,
			);
			defaultConfigurationIsVisible = 0;
			defaultConfigurationName = Release;
		};
/* End XCConfigurationList section */
	};
	rootObject = 607FACC81AFB9204008FA782 /* Project object */;
}
